
Microsoft Visual Studio Solution File, Format Version 12.00
# Visual Studio 2013
VisualStudioVersion = 12.0.40629.0
MinimumVisualStudioVersion = 10.0.40219.1
Project("{FAE04EC0-301F-11D3-BF4B-00C04F79EFBC}") = "DOAN_QLKhachSan", "DOAN_QLKhachSan\DOAN_QLKhachSan.csproj", "{A8127967-5FB7-495B-AD82-9E50AC7C0AA6}"
EndProject
Global
	GlobalSection(SolutionConfigurationPlatforms) = preSolution
		Debug|Any CPU = Debug|Any CPU
		Release|Any CPU = Release|Any CPU
	EndGlobalSection
	GlobalSection(ProjectConfigurationPlatforms) = postSolution
		{A8127967-5FB7-495B-AD82-9E50AC7C0AA6}.Debug|Any CPU.ActiveCfg = Debug|Any CPU
		{A8127967-5FB7-495B-AD82-9E50AC7C0AA6}.Debug|Any CPU.Build.0 = Debug|Any CPU
		{A8127967-5FB7-495B-AD82-9E50AC7C0AA6}.Release|Any CPU.ActiveCfg = Release|Any CPU
		{A8127967-5FB7-495B-AD82-9E50AC7C0AA6}.Release|Any CPU.Build.0 = Release|Any CPU
	EndGlobalSection
	GlobalSection(SolutionProperties) = preSolution
		HideSolutionNode = FALSE
	EndGlobalSection
EndGlobal
